hash: 2f3dcf0680cf8068de6be2595f8414d77166ca1fc32044fd2b7e16f40f161a4d
updated: 2016-06-04T12:05:13.463629161+02:00
imports:
- name: github.com/golang/glog
  version: 23def4e6c14b4da8ac2ed8007337bc5eb5007998
- name: github.com/stretchr/testify
  version: 8d64eb7173c7753d6419fd4a9caf057398611364
- name: github.com/tarm/serial
  version: 37be519d49878d0098e34fb614136b81e6c87861
devImports: []
